{
  "requires": true,
  "lockfileVersion": 1,
  "dependencies": {
    "react-native-nfc-manager": {
      "version": "2.0.0-beta.1",
      "resolved": "https://registry.npmjs.org/react-native-nfc-manager/-/react-native-nfc-manager-2.0.0-beta.1.tgz",
      "integrity": "sha512-YtXOgy4yP8yE8Qa4H0012GnQH4i2qSWwInKtLXI2rqAjpeb6HPg3Q6dRNMzUN2eFg4oZ7v9szIzF3UTq8hcFrw=="
    }
  }
}
